
Microsoft Visual Studio Solution File, Format Version 12.00
# Visual Studio Version 17
VisualStudioVersion = 17.5.002.0
MinimumVisualStudioVersion = 10.0.40219.1
Project("{9A19103F-16F7-4668-BE54-9A1E7A4F7556}") = "Three Pillars Project", "Three Pillars Project.csproj", "{D89367AB-3D19-431C-B23E-992AA20A7395}"
EndProject
Global
	GlobalSection(SolutionConfigurationPlatforms) = preSolution
		Debug|Any CPU = Debug|Any CPU
		Release|Any CPU = Release|Any CPU
	EndGlobalSection
	GlobalSection(ProjectConfigurationPlatforms) = postSolution
		{D89367AB-3D19-431C-B23E-992AA20A7395}.Debug|Any CPU.ActiveCfg = Debug|Any CPU
		{D89367AB-3D19-431C-B23E-992AA20A7395}.Debug|Any CPU.Build.0 = Debug|Any CPU
		{D89367AB-3D19-431C-B23E-992AA20A7395}.Release|Any CPU.ActiveCfg = Release|Any CPU
		{D89367AB-3D19-431C-B23E-992AA20A7395}.Release|Any CPU.Build.0 = Release|Any CPU
	EndGlobalSection
	GlobalSection(SolutionProperties) = preSolution
		HideSolutionNode = FALSE
	EndGlobalSection
	GlobalSection(ExtensibilityGlobals) = postSolution
		SolutionGuid = {30425B8D-6D0E-4FE9-9EEA-A166C44107DF}
	EndGlobalSection
EndGlobal
